
Microsoft Visual Studio Solution File, Format Version 12.00
# Visual Studio Version 16
VisualStudioVersion = 16.0.31005.135
MinimumVisualStudioVersion = 10.0.40219.1
Project("{8BC9CEB8-8B4A-11D0-8D11-00A0C91BC942}") = "Chesses", "Chesses.vcxproj", "{58ABD810-2AC6-49FF-AC41-C7F47B8C346D}"
EndProject
Global
	GlobalSection(SolutionConfigurationPlatforms) = preSolution
		Debug|x64 = Debug|x64
		Debug|x86 = Debug|x86
		Release|x64 = Release|x64
		Release|x86 = Release|x86
	EndGlobalSection
	GlobalSection(ProjectConfigurationPlatforms) = postSolution
		{58ABD810-2AC6-49FF-AC41-C7F47B8C346D}.Debug|x64.ActiveCfg = Debug|x64
		{58ABD810-2AC6-49FF-AC41-C7F47B8C346D}.Debug|x64.Build.0 = Debug|x64
		{58ABD810-2AC6-49FF-AC41-C7F47B8C346D}.Debug|x86.ActiveCfg = Debug|Win32
		{58ABD810-2AC6-49FF-AC41-C7F47B8C346D}.Debug|x86.Build.0 = Debug|Win32
		{58ABD810-2AC6-49FF-AC41-C7F47B8C346D}.Release|x64.ActiveCfg = Release|x64
		{58ABD810-2AC6-49FF-AC41-C7F47B8C346D}.Release|x64.Build.0 = Release|x64
		{58ABD810-2AC6-49FF-AC41-C7F47B8C346D}.Release|x86.ActiveCfg = Release|Win32
		{58ABD810-2AC6-49FF-AC41-C7F47B8C346D}.Release|x86.Build.0 = Release|Win32
	EndGlobalSection
	GlobalSection(SolutionProperties) = preSolution
		HideSolutionNode = FALSE
	EndGlobalSection
	GlobalSection(ExtensibilityGlobals) = postSolution
		SolutionGuid = {06B0F2D5-B638-463D-95BF-CAD6031128E0}
	EndGlobalSection
EndGlobal
